
Microsoft Visual Studio Solution File, Format Version 12.00
# Visual Studio 15
VisualStudioVersion = 15.0.28307.168
MinimumVisualStudioVersion = 10.0.40219.1
Project("{8BC9CEB8-8B4A-11D0-8D11-00A0C91BC942}") = "__sandbox", "__sandbox.vcxproj", "{EF900BAB-81D9-4A48-A1AA-3597B0F30D56}"
EndProject
Project("{8BC9CEB8-8B4A-11D0-8D11-00A0C91BC942}") = "DataStructure", "DataStructure\DataStructure.vcxproj", "{1EA154B1-EFAB-4C5A-951C-982E5C9F23AA}"
EndProject
Global
	GlobalSection(SolutionConfigurationPlatforms) = preSolution
		Debug|x64 = Debug|x64
		Debug|x86 = Debug|x86
		Release|x64 = Release|x64
		Release|x86 = Release|x86
	EndGlobalSection
	GlobalSection(ProjectConfigurationPlatforms) = postSolution
		{EF900BAB-81D9-4A48-A1AA-3597B0F30D56}.Debug|x64.ActiveCfg = Debug|x64
		{EF900BAB-81D9-4A48-A1AA-3597B0F30D56}.Debug|x64.Build.0 = Debug|x64
		{EF900BAB-81D9-4A48-A1AA-3597B0F30D56}.Debug|x86.ActiveCfg = Debug|Win32
		{EF900BAB-81D9-4A48-A1AA-3597B0F30D56}.Debug|x86.Build.0 = Debug|Win32
		{EF900BAB-81D9-4A48-A1AA-3597B0F30D56}.Release|x64.ActiveCfg = Release|x64
		{EF900BAB-81D9-4A48-A1AA-3597B0F30D56}.Release|x64.Build.0 = Release|x64
		{EF900BAB-81D9-4A48-A1AA-3597B0F30D56}.Release|x86.ActiveCfg = Release|Win32
		{EF900BAB-81D9-4A48-A1AA-3597B0F30D56}.Release|x86.Build.0 = Release|Win32
		{1EA154B1-EFAB-4C5A-951C-982E5C9F23AA}.Debug|x64.ActiveCfg = Debug|x64
		{1EA154B1-EFAB-4C5A-951C-982E5C9F23AA}.Debug|x64.Build.0 = Debug|x64
		{1EA154B1-EFAB-4C5A-951C-982E5C9F23AA}.Debug|x86.ActiveCfg = Debug|Win32
		{1EA154B1-EFAB-4C5A-951C-982E5C9F23AA}.Debug|x86.Build.0 = Debug|Win32
		{1EA154B1-EFAB-4C5A-951C-982E5C9F23AA}.Release|x64.ActiveCfg = Release|x64
		{1EA154B1-EFAB-4C5A-951C-982E5C9F23AA}.Release|x64.Build.0 = Release|x64
		{1EA154B1-EFAB-4C5A-951C-982E5C9F23AA}.Release|x86.ActiveCfg = Release|Win32
		{1EA154B1-EFAB-4C5A-951C-982E5C9F23AA}.Release|x86.Build.0 = Release|Win32
	EndGlobalSection
	GlobalSection(SolutionProperties) = preSolution
		HideSolutionNode = FALSE
	EndGlobalSection
	GlobalSection(ExtensibilityGlobals) = postSolution
		SolutionGuid = {F0D94274-8A26-49EE-8DBD-42C0278602C7}
	EndGlobalSection
EndGlobal
